// !$*UTF8*$!
{
	archiveVersion = 1;
	classes = {
	};
	objectVersion = 46;
	objects = {

/* Begin PBXBuildFile section */
		BF6174161C812AD70010642C /* main.m in Sources */ = {isa = PBXBuildFile; fileRef = BF6174151C812AD70010642C /* main.m */; };
		BF6174191C812AD70010642C /* AppDelegate.m in Sources */ = {isa = PBXBuildFile; fileRef = BF6174181C812AD70010642C /* AppDelegate.m */; };
		BF61741B1C812AD70010642C /* Assets.xcassets in Resources */ = {isa = PBXBuildFile; fileRef = BF61741A1C812AD70010642C /* Assets.xcassets */; };
		BF61741E1C812AD70010642C /* LaunchScreen.storyboard in Resources */ = {isa = PBXBuildFile; fileRef = BF61741C1C812AD70010642C /* LaunchScreen.storyboard */; };
		BF6174291C812AD70010642C /* HomepwnerTests.m in Sources */ = {isa = PBXBuildFile; fileRef = BF6174281C812AD70010642C /* HomepwnerTests.m */; };
		BF6174341C812AD70010642C /* HomepwnerUITests.m in Sources */ = {isa = PBXBuildFile; fileRef = BF6174331C812AD70010642C /* HomepwnerUITests.m */; };
		BF6174431C812F350010642C /* BNRItem.m in Sources */ = {isa = PBXBuildFile; fileRef = BF6174421C812F350010642C /* BNRItem.m */; };
		BF6174461C812FEB0010642C /* BNRItemsTableViewController.m in Sources */ = {isa = PBXBuildFile; fileRef = BF6174451C812FEB0010642C /* BNRItemsTableViewController.m */; };
		BF6174521C81B4F10010642C /* BNRItemStore.m in Sources */ = {isa = PBXBuildFile; fileRef = BF6174511C81B4F10010642C /* BNRItemStore.m */; };
		BFABD0CC1C897AE000B679BB /* UIPopoverBackgroundCustomView.m in Sources */ = {isa = PBXBuildFile; fileRef = BFABD0CB1C897AE000B679BB /* UIPopoverBackgroundCustomView.m */; };
		BFABD0D31C8AB0A100B679BB /* BNRItemCell.xib in Resources */ = {isa = PBXBuildFile; fileRef = BFABD0D21C8AB0A100B679BB /* BNRItemCell.xib */; };
		BFABD0D91C8AB23600B679BB /* BNRItemCell.m in Sources */ = {isa = PBXBuildFile; fileRef = BFABD0D81C8AB23600B679BB /* BNRItemCell.m */; };
		BFABD0DC1C8AD96900B679BB /* BNRImageViewController.m in Sources */ = {isa = PBXBuildFile; fileRef = BFABD0DB1C8AD96900B679BB /* BNRImageViewController.m */; };
		BFF64A161C81EE3E004C87E4 /* BNRDetailViewController.m in Sources */ = {isa = PBXBuildFile; fileRef = BFF64A141C81EE3E004C87E4 /* BNRDetailViewController.m */; };
		BFF64A171C81EE3E004C87E4 /* BNRDetailViewController.xib in Resources */ = {isa = PBXBuildFile; fileRef = BFF64A151C81EE3E004C87E4 /* BNRDetailViewController.xib */; };
		BFF64A1F1C82FF9A004C87E4 /* BNRImageStore.m in Sources */ = {isa = PBXBuildFile; fileRef = BFF64A1E1C82FF9A004C87E4 /* BNRImageStore.m */; };
/* End PBXBuildFile section */

/* Begin PBXContainerItemProxy section */
		BF6174251C812AD70010642C /* PBXContainerItemProxy */ = {
			isa = PBXContainerItemProxy;
			containerPortal = BF6174091C812AD70010642C /* Project object */;
			proxyType = 1;
			remoteGlobalIDString = BF6174101C812AD70010642C;
			remoteInfo = Homepwner;
		};
		BF6174301C812AD70010642C /* PBXContainerItemProxy */ = {
			isa = PBXContainerItemProxy;
			containerPortal = BF6174091C812AD70010642C /* Project object */;
			proxyType = 1;
			remoteGlobalIDString = BF6174101C812AD70010642C;
			remoteInfo = Homepwner;
		};
/* End PBXContainerItemProxy section */

/* Begin PBXFileReference section */
		BF6174111C812AD70010642C /* Homepwner.app */ = {isa = PBXFileReference; explicitFileType = wrapper.application; includeInIndex = 0; path = Homepwner.app; sourceTree = BUILT_PRODUCTS_DIR; };
		BF6174151C812AD70010642C /* main.m */ = {isa = PBXFileReference; lastKnownFileType = sourcecode.c.objc; path = main.m; sourceTree = "<group>"; };
		BF6174171C812AD70010642C /* AppDelegate.h */ = {isa = PBXFileReference; lastKnownFileType = sourcecode.c.h; path = AppDelegate.h; sourceTree = "<group>"; };
		BF6174181C812AD70010642C /* AppDelegate.m */ = {isa = PBXFileReference; lastKnownFileType = sourcecode.c.objc; path = AppDelegate.m; sourceTree = "<group>"; };
		BF61741A1C812AD70010642C /* Assets.xcassets */ = {isa = PBXFileReference; lastKnownFileType = folder.assetcatalog; path = Assets.xcassets; sourceTree = "<group>"; };
		BF61741D1C812AD70010642C /* Base */ = {isa = PBXFileReference; lastKnownFileType = file.storyboard; name = Base; path = Base.lproj/LaunchScreen.storyboard; sourceTree = "<group>"; };
		BF61741F1C812AD70010642C /* Info.plist */ = {isa = PBXFileReference; lastKnownFileType = text.plist.xml; path = Info.plist; sourceTree = "<group>"; };
		BF6174241C812AD70010642C /* HomepwnerTests.xctest */ = {isa = PBXFileReference; explicitFileType = wrapper.cfbundle; includeInIndex = 0; path = HomepwnerTests.xctest; sourceTree = BUILT_PRODUCTS_DIR; };
		BF6174281C812AD70010642C /* HomepwnerTests.m */ = {isa = PBXFileReference; lastKnownFileType = sourcecode.c.objc; path = HomepwnerTests.m; sourceTree = "<group>"; };
		BF61742A1C812AD70010642C /* Info.plist */ = {isa = PBXFileReference; lastKnownFileType = text.plist.xml; path = Info.plist; sourceTree = "<group>"; };
		BF61742F1C812AD70010642C /* HomepwnerUITests.xctest */ = {isa = PBXFileReference; explicitFileType = wrapper.cfbundle; includeInIndex = 0; path = HomepwnerUITests.xctest; sourceTree = BUILT_PRODUCTS_DIR; };
		BF6174331C812AD70010642C /* HomepwnerUITests.m */ = {isa = PBXFileReference; lastKnownFileType = sourcecode.c.objc; path = HomepwnerUITests.m; sourceTree = "<group>"; };
		BF6174351C812AD70010642C /* Info.plist */ = {isa = PBXFileReference; lastKnownFileType = text.plist.xml; path = Info.plist; sourceTree = "<group>"; };
		BF6174411C812F350010642C /* BNRItem.h */ = {isa = PBXFileReference; fileEncoding = 4; lastKnownFileType = sourcecode.c.h; path = BNRItem.h; sourceTree = "<group>"; };
		BF6174421C812F350010642C /* BNRItem.m */ = {isa = PBXFileReference; fileEncoding = 4; lastKnownFileType = sourcecode.c.objc; path = BNRItem.m; sourceTree = "<group>"; };
		BF6174441C812FEB0010642C /* BNRItemsTableViewController.h */ = {isa = PBXFileReference; fileEncoding = 4; lastKnownFileType = sourcecode.c.h; path = BNRItemsTableViewController.h; sourceTree = "<group>"; };
		BF6174451C812FEB0010642C /* BNRItemsTableViewController.m */ = {isa = PBXFileReference; fileEncoding = 4; lastKnownFileType = sourcecode.c.objc; path = BNRItemsTableViewController.m; sourceTree = "<group>"; };
		BF6174501C81B4F10010642C /* BNRItemStore.h */ = {isa = PBXFileReference; fileEncoding = 4; lastKnownFileType = sourcecode.c.h; path = BNRItemStore.h; sourceTree = "<group>"; };
		BF6174511C81B4F10010642C /* BNRItemStore.m */ = {isa = PBXFileReference; fileEncoding = 4; lastKnownFileType = sourcecode.c.objc; path = BNRItemStore.m; sourceTree = "<group>"; };
		BFABD0CA1C897AE000B679BB /* UIPopoverBackgroundCustomView.h */ = {isa = PBXFileReference; fileEncoding = 4; lastKnownFileType = sourcecode.c.h; path = UIPopoverBackgroundCustomView.h; sourceTree = "<group>"; };
		BFABD0CB1C897AE000B679BB /* UIPopoverBackgroundCustomView.m */ = {isa = PBXFileReference; fileEncoding = 4; lastKnownFileType = sourcecode.c.objc; path = UIPopoverBackgroundCustomView.m; sourceTree = "<group>"; };
		BFABD0D21C8AB0A100B679BB /* BNRItemCell.xib */ = {isa = PBXFileReference; fileEncoding = 4; lastKnownFileType = file.xib; name = BNRItemCell.xib; path = ../BNRItemCell.xib; sourceTree = "<group>"; };
		BFABD0D71C8AB23600B679BB /* BNRItemCell.h */ = {isa = PBXFileReference; fileEncoding = 4; lastKnownFileType = sourcecode.c.h; path = BNRItemCell.h; sourceTree = "<group>"; };
		BFABD0D81C8AB23600B679BB /* BNRItemCell.m */ = {isa = PBXFileReference; fileEncoding = 4; lastKnownFileType = sourcecode.c.objc; path = BNRItemCell.m; sourceTree = "<group>"; };
		BFABD0DA1C8AD96900B679BB /* BNRImageViewController.h */ = {isa = PBXFileReference; fileEncoding = 4; lastKnownFileType = sourcecode.c.h; path = BNRImageViewController.h; sourceTree = "<group>"; };
		BFABD0DB1C8AD96900B679BB /* BNRImageViewController.m */ = {isa = PBXFileReference; fileEncoding = 4; lastKnownFileType = sourcecode.c.objc; path = BNRImageViewController.m; sourceTree = "<group>"; };
		BFF64A131C81EE3E004C87E4 /* BNRDetailViewController.h */ = {isa = PBXFileReference; fileEncoding = 4; lastKnownFileType = sourcecode.c.h; path = BNRDetailViewController.h; sourceTree = "<group>"; };
		BFF64A141C81EE3E004C87E4 /* BNRDetailViewController.m */ = {isa = PBXFileReference; fileEncoding = 4; lastKnownFileType = sourcecode.c.objc; path = BNRDetailViewController.m; sourceTree = "<group>"; };
		BFF64A151C81EE3E004C87E4 /* BNRDetailViewController.xib */ = {isa = PBXFileReference; fileEncoding = 4; lastKnownFileType = file.xib; path = BNRDetailViewController.xib; sourceTree = "<group>"; };
		BFF64A1D1C82FF9A004C87E4 /* BNRImageStore.h */ = {isa = PBXFileReference; fileEncoding = 4; lastKnownFileType = sourcecode.c.h; path = BNRImageStore.h; sourceTree = "<group>"; };
		BFF64A1E1C82FF9A004C87E4 /* BNRImageStore.m */ = {isa = PBXFileReference; fileEncoding = 4; lastKnownFileType = sourcecode.c.objc; path = BNRImageStore.m; sourceTree = "<group>"; };
/* End PBXFileReference section */

/* Begin PBXFrameworksBuildPhase section */
		BF61740E1C812AD70010642C /* Frameworks */ = {
			isa = PBXFrameworksBuildPhase;
			buildActionMask = 2147483647;
			files = (
			);
			runOnlyForDeploymentPostprocessing = 0;
		};
		BF6174211C812AD70010642C /* Frameworks */ = {
			isa = PBXFrameworksBuildPhase;
			buildActionMask = 2147483647;
			files = (
			);
			runOnlyForDeploymentPostprocessing = 0;
		};
		BF61742C1C812AD70010642C /* Frameworks */ = {
			isa = PBXFrameworksBuildPhase;
			buildActionMask = 2147483647;
			files = (
			);
			runOnlyForDeploymentPostprocessing = 0;
		};
/* End PBXFrameworksBuildPhase section */

/* Begin PBXGroup section */
		BF6174081C812AD70010642C = {
			isa = PBXGroup;
			children = (
				BF6174131C812AD70010642C /* Homepwner */,
				BF6174271C812AD70010642C /* HomepwnerTests */,
				BF6174321C812AD70010642C /* HomepwnerUITests */,
				BF6174121C812AD70010642C /* Products */,
			);
			sourceTree = "<group>";
		};
		BF6174121C812AD70010642C /* Products */ = {
			isa = PBXGroup;
			children = (
				BF6174111C812AD70010642C /* Homepwner.app */,
				BF6174241C812AD70010642C /* HomepwnerTests.xctest */,
				BF61742F1C812AD70010642C /* HomepwnerUITests.xctest */,
			);
			name = Products;
			sourceTree = "<group>";
		};
		BF6174131C812AD70010642C /* Homepwner */ = {
			isa = PBXGroup;
			children = (
				BF6174171C812AD70010642C /* AppDelegate.h */,
				BF6174181C812AD70010642C /* AppDelegate.m */,
				BF61741A1C812AD70010642C /* Assets.xcassets */,
				BFF64A131C81EE3E004C87E4 /* BNRDetailViewController.h */,
				BFF64A141C81EE3E004C87E4 /* BNRDetailViewController.m */,
				BFF64A151C81EE3E004C87E4 /* BNRDetailViewController.xib */,
				BFF64A1D1C82FF9A004C87E4 /* BNRImageStore.h */,
				BFF64A1E1C82FF9A004C87E4 /* BNRImageStore.m */,
				BFABD0DA1C8AD96900B679BB /* BNRImageViewController.h */,
				BFABD0DB1C8AD96900B679BB /* BNRImageViewController.m */,
				BF6174411C812F350010642C /* BNRItem.h */,
				BF6174421C812F350010642C /* BNRItem.m */,
				BFABD0D71C8AB23600B679BB /* BNRItemCell.h */,
				BFABD0D81C8AB23600B679BB /* BNRItemCell.m */,
				BFABD0D21C8AB0A100B679BB /* BNRItemCell.xib */,
				BF6174441C812FEB0010642C /* BNRItemsTableViewController.h */,
				BF6174451C812FEB0010642C /* BNRItemsTableViewController.m */,
				BF6174501C81B4F10010642C /* BNRItemStore.h */,
				BF6174511C81B4F10010642C /* BNRItemStore.m */,
				BF61741F1C812AD70010642C /* Info.plist */,
				BF61741C1C812AD70010642C /* LaunchScreen.storyboard */,
				BF6174141C812AD70010642C /* Supporting Files */,
				BFABD0CA1C897AE000B679BB /* UIPopoverBackgroundCustomView.h */,
				BFABD0CB1C897AE000B679BB /* UIPopoverBackgroundCustomView.m */,
			);
			path = Homepwner;
			sourceTree = "<group>";
		};
		BF6174141C812AD70010642C /* Supporting Files */ = {
			isa = PBXGroup;
			children = (
				BF6174151C812AD70010642C /* main.m */,
			);
			name = "Supporting Files";
			sourceTree = "<group>";
		};
		BF6174271C812AD70010642C /* HomepwnerTests */ = {
			isa = PBXGroup;
			children = (
				BF6174281C812AD70010642C /* HomepwnerTests.m */,
				BF61742A1C812AD70010642C /* Info.plist */,
			);
			path = HomepwnerTests;
			sourceTree = "<group>";
		};
		BF6174321C812AD70010642C /* HomepwnerUITests */ = {
			isa = PBXGroup;
			children = (
				BF6174331C812AD70010642C /* HomepwnerUITests.m */,
				BF6174351C812AD70010642C /* Info.plist */,
			);
			path = HomepwnerUITests;
			sourceTree = "<group>";
		};
/* End PBXGroup section */

/* Begin PBXNativeTarget section */
		BF6174101C812AD70010642C /* Homepwner */ = {
			isa = PBXNativeTarget;
			buildConfigurationList = BF6174381C812AD70010642C /* Build configuration list for PBXNativeTarget "Homepwner" */;
			buildPhases = (
				BF61740D1C812AD70010642C /* Sources */,
				BF61740E1C812AD70010642C /* Frameworks */,
				BF61740F1C812AD70010642C /* Resources */,
			);
			buildRules = (
			);
			dependencies = (
			);
			name = Homepwner;
			productName = Homepwner;
			productReference = BF6174111C812AD70010642C /* Homepwner.app */;
			productType = "com.apple.product-type.application";
		};
		BF6174231C812AD70010642C /* HomepwnerTests */ = {
			isa = PBXNativeTarget;
			buildConfigurationList = BF61743B1C812AD70010642C /* Build configuration list for PBXNativeTarget "HomepwnerTests" */;
			buildPhases = (
				BF6174201C812AD70010642C /* Sources */,
				BF6174211C812AD70010642C /* Frameworks */,
				BF6174221C812AD70010642C /* Resources */,
			);
			buildRules = (
			);
			dependencies = (
				BF6174261C812AD70010642C /* PBXTargetDependency */,
			);
			name = HomepwnerTests;
			productName = HomepwnerTests;
			productReference = BF6174241C812AD70010642C /* HomepwnerTests.xctest */;
			productType = "com.apple.product-type.bundle.unit-test";
		};
		BF61742E1C812AD70010642C /* HomepwnerUITests */ = {
			isa = PBXNativeTarget;
			buildConfigurationList = BF61743E1C812AD70010642C /* Build configuration list for PBXNativeTarget "HomepwnerUITests" */;
			buildPhases = (
				BF61742B1C812AD70010642C /* Sources */,
				BF61742C1C812AD70010642C /* Frameworks */,
				BF61742D1C812AD70010642C /* Resources */,
			);
			buildRules = (
			);
			dependencies = (
				BF6174311C812AD70010642C /* PBXTargetDependency */,
			);
			name = HomepwnerUITests;
			productName = HomepwnerUITests;
			productReference = BF61742F1C812AD70010642C /* HomepwnerUITests.xctest */;
			productType = "com.apple.product-type.bundle.ui-testing";
		};
/* End PBXNativeTarget section */

/* Begin PBXProject section */
		BF6174091C812AD70010642C /* Project object */ = {
			isa = PBXProject;
			attributes = {
				LastUpgradeCheck = 0720;
				ORGANIZATIONNAME = gankaihua;
				TargetAttributes = {
					BF6174101C812AD70010642C = {
						CreatedOnToolsVersion = 7.2.1;
						DevelopmentTeam = 7VWW7SZ3KT;
					};
					BF6174231C812AD70010642C = {
						CreatedOnToolsVersion = 7.2.1;
						DevelopmentTeam = 7VWW7SZ3KT;
						TestTargetID = BF6174101C812AD70010642C;
					};
					BF61742E1C812AD70010642C = {
						CreatedOnToolsVersion = 7.2.1;
						DevelopmentTeam = 7VWW7SZ3KT;
						TestTargetID = BF6174101C812AD70010642C;
					};
				};
			};
			buildConfigurationList = BF61740C1C812AD70010642C /* Build configuration list for PBXProject "Homepwner" */;
			compatibilityVersion = "Xcode 3.2";
			developmentRegion = English;
			hasScannedForEncodings = 0;
			knownRegions = (
				en,
				Base,
			);
			mainGroup = BF6174081C812AD70010642C;
			productRefGroup = BF6174121C812AD70010642C /* Products */;
			projectDirPath = "";
			projectRoot = "";
			targets = (
				BF6174101C812AD70010642C /* Homepwner */,
				BF6174231C812AD70010642C /* HomepwnerTests */,
				BF61742E1C812AD70010642C /* HomepwnerUITests */,
			);
		};
/* End PBXProject section */

/* Begin PBXResourcesBuildPhase section */
		BF61740F1C812AD70010642C /* Resources */ = {
			isa = PBXResourcesBuildPhase;
			buildActionMask = 2147483647;
			files = (
				BFF64A171C81EE3E004C87E4 /* BNRDetailViewController.xib in Resources */,
				BFABD0D31C8AB0A100B679BB /* BNRItemCell.xib in Resources */,
				BF61741B1C812AD70010642C /* Assets.xcassets in Resources */,
				BF61741E1C812AD70010642C /* LaunchScreen.storyboard in Resources */,
			);
			runOnlyForDeploymentPostprocessing = 0;
		};
		BF6174221C812AD70010642C /* Resources */ = {
			isa = PBXResourcesBuildPhase;
			buildActionMask = 2147483647;
			files = (
			);
			runOnlyForDeploymentPostprocessing = 0;
		};
		BF61742D1C812AD70010642C /* Resources */ = {
			isa = PBXResourcesBuildPhase;
			buildActionMask = 2147483647;
			files = (
			);
			runOnlyForDeploymentPostprocessing = 0;
		};
/* End PBXResourcesBuildPhase section */

/* Begin PBXSourcesBuildPhase section */
		BF61740D1C812AD70010642C /* Sources */ = {
			isa = PBXSourcesBuildPhase;
			buildActionMask = 2147483647;
			files = (
				BFF64A161C81EE3E004C87E4 /* BNRDetailViewController.m in Sources */,
				BFABD0D91C8AB23600B679BB /* BNRItemCell.m in Sources */,
				BFABD0CC1C897AE000B679BB /* UIPopoverBackgroundCustomView.m in Sources */,
				BF6174521C81B4F10010642C /* BNRItemStore.m in Sources */,
				BFF64A1F1C82FF9A004C87E4 /* BNRImageStore.m in Sources */,
				BF6174191C812AD70010642C /* AppDelegate.m in Sources */,
				BF6174431C812F350010642C /* BNRItem.m in Sources */,
				BF6174161C812AD70010642C /* main.m in Sources */,
				BF6174461C812FEB0010642C /* BNRItemsTableViewController.m in Sources */,
				BFABD0DC1C8AD96900B679BB /* BNRImageViewController.m in Sources */,
			);
			runOnlyForDeploymentPostprocessing = 0;
		};
		BF6174201C812AD70010642C /* Sources */ = {
			isa = PBXSourcesBuildPhase;
			buildActionMask = 2147483647;
			files = (
				BF6174291C812AD70010642C /* HomepwnerTests.m in Sources */,
			);
			runOnlyForDeploymentPostprocessing = 0;
		};
		BF61742B1C812AD70010642C /* Sources */ = {
			isa = PBXSourcesBuildPhase;
			buildActionMask = 2147483647;
			files = (
				BF6174341C812AD70010642C /* HomepwnerUITests.m in Sources */,
			);
			runOnlyForDeploymentPostprocessing = 0;
		};
/* End PBXSourcesBuildPhase section */

/* Begin PBXTargetDependency section */
		BF6174261C812AD70010642C /* PBXTargetDependency */ = {
			isa = PBXTargetDependency;
			target = BF6174101C812AD70010642C /* Homepwner */;
			targetProxy = BF6174251C812AD70010642C /* PBXContainerItemProxy */;
		};
		BF6174311C812AD70010642C /* PBXTargetDependency */ = {
			isa = PBXTargetDependency;
			target = BF6174101C812AD70010642C /* Homepwner */;
			targetProxy = BF6174301C812AD70010642C /* PBXContainerItemProxy */;
		};
/* End PBXTargetDependency section */

/* Begin PBXVariantGroup section */
		BF61741C1C812AD70010642C /* LaunchScreen.storyboard */ = {
			isa = PBXVariantGroup;
			children = (
				BF61741D1C812AD70010642C /* Base */,
			);
			name = LaunchScreen.storyboard;
			sourceTree = "<group>";
		};
/* End PBXVariantGroup section */

/* Begin XCBuildConfiguration section */
		BF6174361C812AD70010642C /* Debug */ = {
			isa = XCBuildConfiguration;
			buildSettings = {
				ALWAYS_SEARCH_USER_PATHS = NO;
				CLANG_CXX_LANGUAGE_STANDARD = "gnu++0x";
				CLANG_CXX_LIBRARY = "libc++";
				CLANG_ENABLE_MODULES = YES;
				CLANG_ENABLE_OBJC_ARC = YES;
				CLANG_WARN_BOOL_CONVERSION = YES;
				CLANG_WARN_CONSTANT_CONVERSION = YES;
				CLANG_WARN_DIRECT_OBJC_ISA_USAGE = YES_ERROR;
				CLANG_WARN_EMPTY_BODY = YES;
				CLANG_WARN_ENUM_CONVERSION = YES;
				CLANG_WARN_INT_CONVERSION = YES;
				CLANG_WARN_OBJC_ROOT_CLASS = YES_ERROR;
				CLANG_WARN_UNREACHABLE_CODE = YES;
				CLANG_WARN__DUPLICATE_METHOD_MATCH = YES;
				"CODE_SIGN_IDENTITY[sdk=iphoneos*]" = "iPhone Developer";
				COPY_PHASE_STRIP = NO;
				DEBUG_INFORMATION_FORMAT = dwarf;
				ENABLE_STRICT_OBJC_MSGSEND = YES;
				ENABLE_TESTABILITY = YES;
				GCC_C_LANGUAGE_STANDARD = gnu99;
				GCC_DYNAMIC_NO_PIC = NO;
				GCC_NO_COMMON_BLOCKS = YES;
				GCC_OPTIMIZATION_LEVEL = 0;
				GCC_PREPROCESSOR_DEFINITIONS = (
					"DEBUG=1",
					"$(inherited)",
				);
				GCC_WARN_64_TO_32_BIT_CONVERSION = YES;
				GCC_WARN_ABOUT_RETURN_TYPE = YES_ERROR;
				GCC_WARN_UNDECLARED_SELECTOR = YES;
				GCC_WARN_UNINITIALIZED_AUTOS = YES_AGGRESSIVE;
				GCC_WARN_UNUSED_FUNCTION = YES;
				GCC_WARN_UNUSED_VARIABLE = YES;
				IPHONEOS_DEPLOYMENT_TARGET = 9.2;
				MTL_ENABLE_DEBUG_INFO = YES;
				ONLY_ACTIVE_ARCH = YES;
				SDKROOT = iphoneos;
			};
			name = Debug;
		};
		BF6174371C812AD70010642C /* Release */ = {
			isa = XCBuildConfiguration;
			buildSettings = {
				ALWAYS_SEARCH_USER_PATHS = NO;
				CLANG_CXX_LANGUAGE_STANDARD = "gnu++0x";
				CLANG_CXX_LIBRARY = "libc++";
				CLANG_ENABLE_MODULES = YES;
				CLANG_ENABLE_OBJC_ARC = YES;
				CLANG_WARN_BOOL_CONVERSION = YES;
				CLANG_WARN_CONSTANT_CONVERSION = YES;
				CLANG_WARN_DIRECT_OBJC_ISA_USAGE = YES_ERROR;
				CLANG_WARN_EMPTY_BODY = YES;
				CLANG_WARN_ENUM_CONVERSION = YES;
				CLANG_WARN_INT_CONVERSION = YES;
				CLANG_WARN_OBJC_ROOT_CLASS = YES_ERROR;
				CLANG_WARN_UNREACHABLE_CODE = YES;
				CLANG_WARN__DUPLICATE_METHOD_MATCH = YES;
				"CODE_SIGN_IDENTITY[sdk=iphoneos*]" = "iPhone Developer";
				COPY_PHASE_STRIP = NO;
				DEBUG_INFORMATION_FORMAT = "dwarf-with-dsym";
				ENABLE_NS_ASSERTIONS = NO;
				ENABLE_STRICT_OBJC_MSGSEND = YES;
				GCC_C_LANGUAGE_STANDARD = gnu99;
				GCC_NO_COMMON_BLOCKS = YES;
				GCC_WARN_64_TO_32_BIT_CONVERSION = YES;
				GCC_WARN_ABOUT_RETURN_TYPE = YES_ERROR;
				GCC_WARN_UNDECLARED_SELECTOR = YES;
				GCC_WARN_UNINITIALIZED_AUTOS = YES_AGGRESSIVE;
				GCC_WARN_UNUSED_FUNCTION = YES;
				GCC_WARN_UNUSED_VARIABLE = YES;
				IPHONEOS_DEPLOYMENT_TARGET = 9.2;
				MTL_ENABLE_DEBUG_INFO = NO;
				SDKROOT = iphoneos;
				VALIDATE_PRODUCT = YES;
			};
			name = Release;
		};
		BF6174391C812AD70010642C /* Debug */ = {
			isa = XCBuildConfiguration;
			buildSettings = {
				ASSETCATALOG_COMPILER_APPICON_NAME = AppIcon;
				INFOPLIST_FILE = Homepwner/Info.plist;
				LD_RUNPATH_SEARCH_PATHS = "$(inherited) @executable_path/Frameworks";
				PRODUCT_BUNDLE_IDENTIFIER = com.gkh178.Homepwner;
				PRODUCT_NAME = "$(TARGET_NAME)";
				TARGETED_DEVICE_FAMILY = "1,2";
			};
			name = Debug;
		};
		BF61743A1C812AD70010642C /* Release */ = {
			isa = XCBuildConfiguration;
			buildSettings = {
				ASSETCATALOG_COMPILER_APPICON_NAME = AppIcon;
				INFOPLIST_FILE = Homepwner/Info.plist;
				LD_RUNPATH_SEARCH_PATHS = "$(inherited) @executable_path/Frameworks";
				PRODUCT_BUNDLE_IDENTIFIER = com.gkh178.Homepwner;
				PRODUCT_NAME = "$(TARGET_NAME)";
				TARGETED_DEVICE_FAMILY = "1,2";
			};
			name = Release;
		};
		BF61743C1C812AD70010642C /* Debug */ = {
			isa = XCBuildConfiguration;
			buildSettings = {
				BUNDLE_LOADER = "$(TEST_HOST)";
				INFOPLIST_FILE = HomepwnerTests/Info.plist;
				LD_RUNPATH_SEARCH_PATHS = "$(inherited) @executable_path/Frameworks @loader_path/Frameworks";
				PRODUCT_BUNDLE_IDENTIFIER = com.gkh178.HomepwnerTests;
				PRODUCT_NAME = "$(TARGET_NAME)";
				TEST_HOST = "$(BUILT_PRODUCTS_DIR)/Homepwner.app/Homepwner";
			};
			name = Debug;
		};
		BF61743D1C812AD70010642C /* Release */ = {
			isa = XCBuildConfiguration;
			buildSettings = {
				BUNDLE_LOADER = "$(TEST_HOST)";
				INFOPLIST_FILE = HomepwnerTests/Info.plist;
				LD_RUNPATH_SEARCH_PATHS = "$(inherited) @executable_path/Frameworks @loader_path/Frameworks";
				PRODUCT_BUNDLE_IDENTIFIER = com.gkh178.HomepwnerTests;
				PRODUCT_NAME = "$(TARGET_NAME)";
				TEST_HOST = "$(BUILT_PRODUCTS_DIR)/Homepwner.app/Homepwner";
			};
			name = Release;
		};
		BF61743F1C812AD70010642C /* Debug */ = {
			isa = XCBuildConfiguration;
			buildSettings = {
				INFOPLIST_FILE = HomepwnerUITests/Info.plist;
				LD_RUNPATH_SEARCH_PATHS = "$(inherited) @executable_path/Frameworks @loader_path/Frameworks";
				PRODUCT_BUNDLE_IDENTIFIER = com.gkh178.HomepwnerUITests;
				PRODUCT_NAME = "$(TARGET_NAME)";
				TEST_TARGET_NAME = Homepwner;
				USES_XCTRUNNER = YES;
			};
			name = Debug;
		};
		BF6174401C812AD70010642C /* Release */ = {
			isa = XCBuildConfiguration;
			buildSettings = {
				INFOPLIST_FILE = HomepwnerUITests/Info.plist;
				LD_RUNPATH_SEARCH_PATHS = "$(inherited) @executable_path/Frameworks @loader_path/Frameworks";
				PRODUCT_BUNDLE_IDENTIFIER = com.gkh178.HomepwnerUITests;
				PRODUCT_NAME = "$(TARGET_NAME)";
				TEST_TARGET_NAME = Homepwner;
				USES_XCTRUNNER = YES;
			};
			name = Release;
		};
/* End XCBuildConfiguration section */

/* Begin XCConfigurationList section */
		BF61740C1C812AD70010642C /* Build configuration list for PBXProject "Homepwner" */ = {
			isa = XCConfigurationList;
			buildConfigurations = (
				BF6174361C812AD70010642C /* Debug */,
				BF6174371C812AD70010642C /* Release */,
			);
			defaultConfigurationIsVisible = 0;
			defaultConfigurationName = Release;
		};
		BF6174381C812AD70010642C /* Build configuration list for PBXNativeTarget "Homepwner" */ = {
			isa = XCConfigurationList;
			buildConfigurations = (
				BF6174391C812AD70010642C /* Debug */,
				BF61743A1C812AD70010642C /* Release */,
			);
			defaultConfigurationIsVisible = 0;
			defaultConfigurationName = Release;
		};
		BF61743B1C812AD70010642C /* Build configuration list for PBXNativeTarget "HomepwnerTests" */ = {
			isa = XCConfigurationList;
			buildConfigurations = (
				BF61743C1C812AD70010642C /* Debug */,
				BF61743D1C812AD70010642C /* Release */,
			);
			defaultConfigurationIsVisible = 0;
			defaultConfigurationName = Release;
		};
		BF61743E1C812AD70010642C /* Build configuration list for PBXNativeTarget "HomepwnerUITests" */ = {
			isa = XCConfigurationList;
			buildConfigurations = (
				BF61743F1C812AD70010642C /* Debug */,
				BF6174401C812AD70010642C /* Release */,
			);
			defaultConfigurationIsVisible = 0;
			defaultConfigurationName = Release;
		};
/* End XCConfigurationList section */
	};
	rootObject = BF6174091C812AD70010642C /* Project object */;
}
